
Microsoft Visual Studio Solution File, Format Version 12.00
# Visual Studio Version 17
VisualStudioVersion = 17.7.34031.279
MinimumVisualStudioVersion = 10.0.40219.1
Project("{888888A0-9F3D-457C-B088-3A5042F75D52}") = "Fibonacci", "Fibonacci.pyproj", "{54DA74FA-DFBC-41C4-A9D3-CDFDE5CB2A2C}"
EndProject
Global
	GlobalSection(SolutionConfigurationPlatforms) = preSolution
		Debug|Any CPU = Debug|Any CPU
		Release|Any CPU = Release|Any CPU
	EndGlobalSection
	GlobalSection(ProjectConfigurationPlatforms) = postSolution
		{54DA74FA-DFBC-41C4-A9D3-CDFDE5CB2A2C}.Debug|Any CPU.ActiveCfg = Debug|Any CPU
		{54DA74FA-DFBC-41C4-A9D3-CDFDE5CB2A2C}.Release|Any CPU.ActiveCfg = Release|Any CPU
	EndGlobalSection
	GlobalSection(SolutionProperties) = preSolution
		HideSolutionNode = FALSE
	EndGlobalSection
	GlobalSection(ExtensibilityGlobals) = postSolution
		SolutionGuid = {7939EA76-853D-4F1C-BE96-3B4A8CB65CC1}
	EndGlobalSection
EndGlobal
